// !$*UTF8*$!
{
	archiveVersion = 1;
	classes = {
	};
	objectVersion = 56;
	objects = {

/* Begin PBXBuildFile section */
		DB02E43A2B14DA4B007C242D /* ViewModel.swift in Sources */ = {isa = PBXBuildFile; fileRef = DB02E4392B14DA4B007C242D /* ViewModel.swift */; };
		DB2E5DCA2B148B0800CC7945 /* AgendaUsingJSONApp.swift in Sources */ = {isa = PBXBuildFile; fileRef = DB2E5DC92B148B0800CC7945 /* AgendaUsingJSONApp.swift */; };
		DB2E5DCC2B148B0800CC7945 /* ContentView.swift in Sources */ = {isa = PBXBuildFile; fileRef = DB2E5DCB2B148B0800CC7945 /* ContentView.swift */; };
		DB2E5DCE2B148B0B00CC7945 /* Assets.xcassets in Resources */ = {isa = PBXBuildFile; fileRef = DB2E5DCD2B148B0B00CC7945 /* Assets.xcassets */; };
		DB2E5DD12B148B0B00CC7945 /* Preview Assets.xcassets in Resources */ = {isa = PBXBuildFile; fileRef = DB2E5DD02B148B0B00CC7945 /* Preview Assets.xcassets */; };
		DB2E5DD82B148B7A00CC7945 /* HomeView.swift in Sources */ = {isa = PBXBuildFile; fileRef = DB2E5DD72B148B7A00CC7945 /* HomeView.swift */; };
		DB2E5DDA2B14918100CC7945 /* CustomCardShape.swift in Sources */ = {isa = PBXBuildFile; fileRef = DB2E5DD92B14918100CC7945 /* CustomCardShape.swift */; };
		DB2E5DDD2B14ACFD00CC7945 /* MeetView.swift in Sources */ = {isa = PBXBuildFile; fileRef = DB2E5DDC2B14ACFD00CC7945 /* MeetView.swift */; };
		DB5BC5E02B15C09900B653D8 /* PostData.swift in Sources */ = {isa = PBXBuildFile; fileRef = DB5BC5DF2B15C09900B653D8 /* PostData.swift */; };
		DB91165D2B152940005B6ABD /* Agenda_speakers.swift in Sources */ = {isa = PBXBuildFile; fileRef = DB91165B2B152940005B6ABD /* Agenda_speakers.swift */; };
		DB91165E2B152940005B6ABD /* Agenda_documents.swift in Sources */ = {isa = PBXBuildFile; fileRef = DB91165A2B152940005B6ABD /* Agenda_documents.swift */; };
		DB91165F2B152940005B6ABD /* Data.swift in Sources */ = {isa = PBXBuildFile; fileRef = DB9116592B152940005B6ABD /* Data.swift */; };
		DB9116602B152940005B6ABD /* AgendaResponse.swift in Sources */ = {isa = PBXBuildFile; fileRef = DB9116582B152940005B6ABD /* AgendaResponse.swift */; };
		DB9116612B152940005B6ABD /* Register_links.swift in Sources */ = {isa = PBXBuildFile; fileRef = DB91165C2B152940005B6ABD /* Register_links.swift */; };
		DB9116632B153097005B6ABD /* MeetRevambView.swift in Sources */ = {isa = PBXBuildFile; fileRef = DB9116622B153097005B6ABD /* MeetRevambView.swift */; };
		DB9116662B1537FB005B6ABD /* SDWebImageSwiftUI in Frameworks */ = {isa = PBXBuildFile; productRef = DB9116652B1537FB005B6ABD /* SDWebImageSwiftUI */; };
		DBF860CF2B14C0390094785A /* Poppins-Medium.ttf in Resources */ = {isa = PBXBuildFile; fileRef = DBF860CE2B14C0390094785A /* Poppins-Medium.ttf */; };
/* End PBXBuildFile section */

/* Begin PBXFileReference section */
		DB02E4392B14DA4B007C242D /* ViewModel.swift */ = {isa = PBXFileReference; lastKnownFileType = sourcecode.swift; path = ViewModel.swift; sourceTree = "<group>"; };
		DB2E5DC62B148B0800CC7945 /* AgendaUsingJSON.app */ = {isa = PBXFileReference; explicitFileType = wrapper.application; includeInIndex = 0; path = AgendaUsingJSON.app; sourceTree = BUILT_PRODUCTS_DIR; };
		DB2E5DC92B148B0800CC7945 /* AgendaUsingJSONApp.swift */ = {isa = PBXFileReference; lastKnownFileType = sourcecode.swift; path = AgendaUsingJSONApp.swift; sourceTree = "<group>"; };
		DB2E5DCB2B148B0800CC7945 /* ContentView.swift */ = {isa = PBXFileReference; lastKnownFileType = sourcecode.swift; path = ContentView.swift; sourceTree = "<group>"; };
		DB2E5DCD2B148B0B00CC7945 /* Assets.xcassets */ = {isa = PBXFileReference; lastKnownFileType = folder.assetcatalog; path = Assets.xcassets; sourceTree = "<group>"; };
		DB2E5DD02B148B0B00CC7945 /* Preview Assets.xcassets */ = {isa = PBXFileReference; lastKnownFileType = folder.assetcatalog; path = "Preview Assets.xcassets"; sourceTree = "<group>"; };
		DB2E5DD72B148B7A00CC7945 /* HomeView.swift */ = {isa = PBXFileReference; lastKnownFileType = sourcecode.swift; path = HomeView.swift; sourceTree = "<group>"; };
		DB2E5DD92B14918100CC7945 /* CustomCardShape.swift */ = {isa = PBXFileReference; lastKnownFileType = sourcecode.swift; path = CustomCardShape.swift; sourceTree = "<group>"; };
		DB2E5DDC2B14ACFD00CC7945 /* MeetView.swift */ = {isa = PBXFileReference; lastKnownFileType = sourcecode.swift; path = MeetView.swift; sourceTree = "<group>"; };
		DB5BC5DF2B15C09900B653D8 /* PostData.swift */ = {isa = PBXFileReference; lastKnownFileType = sourcecode.swift; path = PostData.swift; sourceTree = "<group>"; };
		DB9116582B152940005B6ABD /* AgendaResponse.swift */ = {isa = PBXFileReference; lastKnownFileType = sourcecode.swift; path = AgendaResponse.swift; sourceTree = "<group>"; };
		DB9116592B152940005B6ABD /* Data.swift */ = {isa = PBXFileReference; lastKnownFileType = sourcecode.swift; path = Data.swift; sourceTree = "<group>"; };
		DB91165A2B152940005B6ABD /* Agenda_documents.swift */ = {isa = PBXFileReference; lastKnownFileType = sourcecode.swift; path = Agenda_documents.swift; sourceTree = "<group>"; };
		DB91165B2B152940005B6ABD /* Agenda_speakers.swift */ = {isa = PBXFileReference; lastKnownFileType = sourcecode.swift; path = Agenda_speakers.swift; sourceTree = "<group>"; };
		DB91165C2B152940005B6ABD /* Register_links.swift */ = {isa = PBXFileReference; lastKnownFileType = sourcecode.swift; path = Register_links.swift; sourceTree = "<group>"; };
		DB9116622B153097005B6ABD /* MeetRevambView.swift */ = {isa = PBXFileReference; lastKnownFileType = sourcecode.swift; path = MeetRevambView.swift; sourceTree = "<group>"; };
		DBF860CD2B14BF960094785A /* Info.plist */ = {isa = PBXFileReference; lastKnownFileType = text.plist; path = Info.plist; sourceTree = "<group>"; };
		DBF860CE2B14C0390094785A /* Poppins-Medium.ttf */ = {isa = PBXFileReference; lastKnownFileType = file; path = "Poppins-Medium.ttf"; sourceTree = "<group>"; };
/* End PBXFileReference section */

/* Begin PBXFrameworksBuildPhase section */
		DB2E5DC32B148B0800CC7945 /* Frameworks */ = {
			isa = PBXFrameworksBuildPhase;
			buildActionMask = 2147483647;
			files = (
				DB9116662B1537FB005B6ABD /* SDWebImageSwiftUI in Frameworks */,
			);
			runOnlyForDeploymentPostprocessing = 0;
		};
/* End PBXFrameworksBuildPhase section */

/* Begin PBXGroup section */
		DB02E4342B14D7B4007C242D /* View */ = {
			isa = PBXGroup;
			children = (
				DB2E5DCB2B148B0800CC7945 /* ContentView.swift */,
				DB2E5DD72B148B7A00CC7945 /* HomeView.swift */,
				DB2E5DDC2B14ACFD00CC7945 /* MeetView.swift */,
				DB9116622B153097005B6ABD /* MeetRevambView.swift */,
			);
			path = View;
			sourceTree = "<group>";
		};
		DB02E4362B14D7D2007C242D /* ViewModel */ = {
			isa = PBXGroup;
			children = (
				DB02E4392B14DA4B007C242D /* ViewModel.swift */,
			);
			path = ViewModel;
			sourceTree = "<group>";
		};
		DB2E5DBD2B148B0800CC7945 = {
			isa = PBXGroup;
			children = (
				DB2E5DC82B148B0800CC7945 /* AgendaUsingJSON */,
				DB2E5DC72B148B0800CC7945 /* Products */,
			);
			sourceTree = "<group>";
		};
		DB2E5DC72B148B0800CC7945 /* Products */ = {
			isa = PBXGroup;
			children = (
				DB2E5DC62B148B0800CC7945 /* AgendaUsingJSON.app */,
			);
			name = Products;
			sourceTree = "<group>";
		};
		DB2E5DC82B148B0800CC7945 /* AgendaUsingJSON */ = {
			isa = PBXGroup;
			children = (
				DB2E5DC92B148B0800CC7945 /* AgendaUsingJSONApp.swift */,
				DB02E4362B14D7D2007C242D /* ViewModel */,
				DB02E4342B14D7B4007C242D /* View */,
				DB9116552B1528C1005B6ABD /* JSON */,
				DBF860CD2B14BF960094785A /* Info.plist */,
				DB2E5DDB2B14919300CC7945 /* Helper's */,
				DB2E5DCD2B148B0B00CC7945 /* Assets.xcassets */,
				DB2E5DCF2B148B0B00CC7945 /* Preview Content */,
			);
			path = AgendaUsingJSON;
			sourceTree = "<group>";
		};
		DB2E5DCF2B148B0B00CC7945 /* Preview Content */ = {
			isa = PBXGroup;
			children = (
				DB2E5DD02B148B0B00CC7945 /* Preview Assets.xcassets */,
			);
			path = "Preview Content";
			sourceTree = "<group>";
		};
		DB2E5DDB2B14919300CC7945 /* Helper's */ = {
			isa = PBXGroup;
			children = (
				DBF860CA2B14BED10094785A /* Font */,
				DB2E5DD92B14918100CC7945 /* CustomCardShape.swift */,
			);
			path = "Helper's";
			sourceTree = "<group>";
		};
		DB9116552B1528C1005B6ABD /* JSON */ = {
			isa = PBXGroup;
			children = (
				DB91165A2B152940005B6ABD /* Agenda_documents.swift */,
				DB5BC5DF2B15C09900B653D8 /* PostData.swift */,
				DB91165B2B152940005B6ABD /* Agenda_speakers.swift */,
				DB9116582B152940005B6ABD /* AgendaResponse.swift */,
				DB9116592B152940005B6ABD /* Data.swift */,
				DB91165C2B152940005B6ABD /* Register_links.swift */,
			);
			path = JSON;
			sourceTree = "<group>";
		};
		DBF860CA2B14BED10094785A /* Font */ = {
			isa = PBXGroup;
			children = (
				DBF860CE2B14C0390094785A /* Poppins-Medium.ttf */,
			);
			path = Font;
			sourceTree = "<group>";
		};
/* End PBXGroup section */

/* Begin PBXNativeTarget section */
		DB2E5DC52B148B0800CC7945 /* AgendaUsingJSON */ = {
			isa = PBXNativeTarget;
			buildConfigurationList = DB2E5DD42B148B0B00CC7945 /* Build configuration list for PBXNativeTarget "AgendaUsingJSON" */;
			buildPhases = (
				DB2E5DC22B148B0800CC7945 /* Sources */,
				DB2E5DC32B148B0800CC7945 /* Frameworks */,
				DB2E5DC42B148B0800CC7945 /* Resources */,
			);
			buildRules = (
			);
			dependencies = (
			);
			name = AgendaUsingJSON;
			packageProductDependencies = (
				DB9116652B1537FB005B6ABD /* SDWebImageSwiftUI */,
			);
			productName = AgendaUsingJSON;
			productReference = DB2E5DC62B148B0800CC7945 /* AgendaUsingJSON.app */;
			productType = "com.apple.product-type.application";
		};
/* End PBXNativeTarget section */

/* Begin PBXProject section */
		DB2E5DBE2B148B0800CC7945 /* Project object */ = {
			isa = PBXProject;
			attributes = {
				BuildIndependentTargetsInParallel = 1;
				LastSwiftUpdateCheck = 1500;
				LastUpgradeCheck = 1500;
				TargetAttributes = {
					DB2E5DC52B148B0800CC7945 = {
						CreatedOnToolsVersion = 15.0;
					};
				};
			};
			buildConfigurationList = DB2E5DC12B148B0800CC7945 /* Build configuration list for PBXProject "AgendaUsingJSON" */;
			compatibilityVersion = "Xcode 14.0";
			developmentRegion = en;
			hasScannedForEncodings = 0;
			knownRegions = (
				en,
				Base,
			);
			mainGroup = DB2E5DBD2B148B0800CC7945;
			packageReferences = (
				DB9116642B1537FB005B6ABD /* XCRemoteSwiftPackageReference "SDWebImageSwiftUI" */,
			);
			productRefGroup = DB2E5DC72B148B0800CC7945 /* Products */;
			projectDirPath = "";
			projectRoot = "";
			targets = (
				DB2E5DC52B148B0800CC7945 /* AgendaUsingJSON */,
			);
		};
/* End PBXProject section */

/* Begin PBXResourcesBuildPhase section */
		DB2E5DC42B148B0800CC7945 /* Resources */ = {
			isa = PBXResourcesBuildPhase;
			buildActionMask = 2147483647;
			files = (
				DB2E5DD12B148B0B00CC7945 /* Preview Assets.xcassets in Resources */,
				DBF860CF2B14C0390094785A /* Poppins-Medium.ttf in Resources */,
				DB2E5DCE2B148B0B00CC7945 /* Assets.xcassets in Resources */,
			);
			runOnlyForDeploymentPostprocessing = 0;
		};
/* End PBXResourcesBuildPhase section */

/* Begin PBXSourcesBuildPhase section */
		DB2E5DC22B148B0800CC7945 /* Sources */ = {
			isa = PBXSourcesBuildPhase;
			buildActionMask = 2147483647;
			files = (
				DB9116632B153097005B6ABD /* MeetRevambView.swift in Sources */,
				DB2E5DD82B148B7A00CC7945 /* HomeView.swift in Sources */,
				DB91165F2B152940005B6ABD /* Data.swift in Sources */,
				DB9116602B152940005B6ABD /* AgendaResponse.swift in Sources */,
				DB5BC5E02B15C09900B653D8 /* PostData.swift in Sources */,
				DB2E5DCC2B148B0800CC7945 /* ContentView.swift in Sources */,
				DB2E5DDA2B14918100CC7945 /* CustomCardShape.swift in Sources */,
				DB2E5DCA2B148B0800CC7945 /* AgendaUsingJSONApp.swift in Sources */,
				DB91165D2B152940005B6ABD /* Agenda_speakers.swift in Sources */,
				DB9116612B152940005B6ABD /* Register_links.swift in Sources */,
				DB2E5DDD2B14ACFD00CC7945 /* MeetView.swift in Sources */,
				DB02E43A2B14DA4B007C242D /* ViewModel.swift in Sources */,
				DB91165E2B152940005B6ABD /* Agenda_documents.swift in Sources */,
			);
			runOnlyForDeploymentPostprocessing = 0;
		};
/* End PBXSourcesBuildPhase section */

/* Begin XCBuildConfiguration section */
		DB2E5DD22B148B0B00CC7945 /* Debug */ = {
			isa = XCBuildConfiguration;
			buildSettings = {
				ALWAYS_SEARCH_USER_PATHS = NO;
				ASSETCATALOG_COMPILER_GENERATE_SWIFT_ASSET_SYMBOL_EXTENSIONS = YES;
				CLANG_ANALYZER_NONNULL = YES;
				CLANG_ANALYZER_NUMBER_OBJECT_CONVERSION = YES_AGGRESSIVE;
				CLANG_CXX_LANGUAGE_STANDARD = "gnu++20";
				CLANG_ENABLE_MODULES = YES;
				CLANG_ENABLE_OBJC_ARC = YES;
				CLANG_ENABLE_OBJC_WEAK = YES;
				CLANG_WARN_BLOCK_CAPTURE_AUTORELEASING = YES;
				CLANG_WARN_BOOL_CONVERSION = YES;
				CLANG_WARN_COMMA = YES;
				CLANG_WARN_CONSTANT_CONVERSION = YES;
				CLANG_WARN_DEPRECATED_OBJC_IMPLEMENTATIONS = YES;
				CLANG_WARN_DIRECT_OBJC_ISA_USAGE = YES_ERROR;
				CLANG_WARN_DOCUMENTATION_COMMENTS = YES;
				CLANG_WARN_EMPTY_BODY = YES;
				CLANG_WARN_ENUM_CONVERSION = YES;
				CLANG_WARN_INFINITE_RECURSION = YES;
				CLANG_WARN_INT_CONVERSION = YES;
				CLANG_WARN_NON_LITERAL_NULL_CONVERSION = YES;
				CLANG_WARN_OBJC_IMPLICIT_RETAIN_SELF = YES;
				CLANG_WARN_OBJC_LITERAL_CONVERSION = YES;
				CLANG_WARN_OBJC_ROOT_CLASS = YES_ERROR;
				CLANG_WARN_QUOTED_INCLUDE_IN_FRAMEWORK_HEADER = YES;
				CLANG_WARN_RANGE_LOOP_ANALYSIS = YES;
				CLANG_WARN_STRICT_PROTOTYPES = YES;
				CLANG_WARN_SUSPICIOUS_MOVE = YES;
				CLANG_WARN_UNGUARDED_AVAILABILITY = YES_AGGRESSIVE;
				CLANG_WARN_UNREACHABLE_CODE = YES;
				CLANG_WARN__DUPLICATE_METHOD_MATCH = YES;
				COPY_PHASE_STRIP = NO;
				DEBUG_INFORMATION_FORMAT = dwarf;
				ENABLE_STRICT_OBJC_MSGSEND = YES;
				ENABLE_TESTABILITY = YES;
				ENABLE_USER_SCRIPT_SANDBOXING = YES;
				GCC_C_LANGUAGE_STANDARD = gnu17;
				GCC_DYNAMIC_NO_PIC = NO;
				GCC_NO_COMMON_BLOCKS = YES;
				GCC_OPTIMIZATION_LEVEL = 0;
				GCC_PREPROCESSOR_DEFINITIONS = (
					"DEBUG=1",
					"$(inherited)",
				);
				GCC_WARN_64_TO_32_BIT_CONVERSION = YES;
				GCC_WARN_ABOUT_RETURN_TYPE = YES_ERROR;
				GCC_WARN_UNDECLARED_SELECTOR = YES;
				GCC_WARN_UNINITIALIZED_AUTOS = YES_AGGRESSIVE;
				GCC_WARN_UNUSED_FUNCTION = YES;
				GCC_WARN_UNUSED_VARIABLE = YES;
				IPHONEOS_DEPLOYMENT_TARGET = 17.0;
				LOCALIZATION_PREFERS_STRING_CATALOGS = YES;
				MTL_ENABLE_DEBUG_INFO = INCLUDE_SOURCE;
				MTL_FAST_MATH = YES;
				ONLY_ACTIVE_ARCH = YES;
				SDKROOT = iphoneos;
				SWIFT_ACTIVE_COMPILATION_CONDITIONS = "DEBUG $(inherited)";
				SWIFT_OPTIMIZATION_LEVEL = "-Onone";
			};
			name = Debug;
		};
		DB2E5DD32B148B0B00CC7945 /* Release */ = {
			isa = XCBuildConfiguration;
			buildSettings = {
				ALWAYS_SEARCH_USER_PATHS = NO;
				ASSETCATALOG_COMPILER_GENERATE_SWIFT_ASSET_SYMBOL_EXTENSIONS = YES;
				CLANG_ANALYZER_NONNULL = YES;
				CLANG_ANALYZER_NUMBER_OBJECT_CONVERSION = YES_AGGRESSIVE;
				CLANG_CXX_LANGUAGE_STANDARD = "gnu++20";
				CLANG_ENABLE_MODULES = YES;
				CLANG_ENABLE_OBJC_ARC = YES;
				CLANG_ENABLE_OBJC_WEAK = YES;
				CLANG_WARN_BLOCK_CAPTURE_AUTORELEASING = YES;
				CLANG_WARN_BOOL_CONVERSION = YES;
				CLANG_WARN_COMMA = YES;
				CLANG_WARN_CONSTANT_CONVERSION = YES;
				CLANG_WARN_DEPRECATED_OBJC_IMPLEMENTATIONS = YES;
				CLANG_WARN_DIRECT_OBJC_ISA_USAGE = YES_ERROR;
				CLANG_WARN_DOCUMENTATION_COMMENTS = YES;
				CLANG_WARN_EMPTY_BODY = YES;
				CLANG_WARN_ENUM_CONVERSION = YES;
				CLANG_WARN_INFINITE_RECURSION = YES;
				CLANG_WARN_INT_CONVERSION = YES;
				CLANG_WARN_NON_LITERAL_NULL_CONVERSION = YES;
				CLANG_WARN_OBJC_IMPLICIT_RETAIN_SELF = YES;
				CLANG_WARN_OBJC_LITERAL_CONVERSION = YES;
				CLANG_WARN_OBJC_ROOT_CLASS = YES_ERROR;
				CLANG_WARN_QUOTED_INCLUDE_IN_FRAMEWORK_HEADER = YES;
				CLANG_WARN_RANGE_LOOP_ANALYSIS = YES;
				CLANG_WARN_STRICT_PROTOTYPES = YES;
				CLANG_WARN_SUSPICIOUS_MOVE = YES;
				CLANG_WARN_UNGUARDED_AVAILABILITY = YES_AGGRESSIVE;
				CLANG_WARN_UNREACHABLE_CODE = YES;
				CLANG_WARN__DUPLICATE_METHOD_MATCH = YES;
				COPY_PHASE_STRIP = NO;
				DEBUG_INFORMATION_FORMAT = "dwarf-with-dsym";
				ENABLE_NS_ASSERTIONS = NO;
				ENABLE_STRICT_OBJC_MSGSEND = YES;
				ENABLE_USER_SCRIPT_SANDBOXING = YES;
				GCC_C_LANGUAGE_STANDARD = gnu17;
				GCC_NO_COMMON_BLOCKS = YES;
				GCC_WARN_64_TO_32_BIT_CONVERSION = YES;
				GCC_WARN_ABOUT_RETURN_TYPE = YES_ERROR;
				GCC_WARN_UNDECLARED_SELECTOR = YES;
				GCC_WARN_UNINITIALIZED_AUTOS = YES_AGGRESSIVE;
				GCC_WARN_UNUSED_FUNCTION = YES;
				GCC_WARN_UNUSED_VARIABLE = YES;
				IPHONEOS_DEPLOYMENT_TARGET = 17.0;
				LOCALIZATION_PREFERS_STRING_CATALOGS = YES;
				MTL_ENABLE_DEBUG_INFO = NO;
				MTL_FAST_MATH = YES;
				SDKROOT = iphoneos;
				SWIFT_COMPILATION_MODE = wholemodule;
				VALIDATE_PRODUCT = YES;
			};
			name = Release;
		};
		DB2E5DD52B148B0B00CC7945 /* Debug */ = {
			isa = XCBuildConfiguration;
			buildSettings = {
				ASSETCATALOG_COMPILER_APPICON_NAME = AppIcon;
				ASSETCATALOG_COMPILER_GLOBAL_ACCENT_COLOR_NAME = AccentColor;
				CODE_SIGN_STYLE = Automatic;
				CURRENT_PROJECT_VERSION = 1;
				DEVELOPMENT_ASSET_PATHS = "\"AgendaUsingJSON/Preview Content\"";
				DEVELOPMENT_TEAM = DDJKYQ3U34;
				ENABLE_PREVIEWS = YES;
				GENERATE_INFOPLIST_FILE = YES;
				INFOPLIST_FILE = AgendaUsingJSON/Info.plist;
				INFOPLIST_KEY_UIApplicationSceneManifest_Generation = YES;
				INFOPLIST_KEY_UIApplicationSupportsIndirectInputEvents = YES;
				INFOPLIST_KEY_UILaunchScreen_Generation = YES;
				INFOPLIST_KEY_UISupportedInterfaceOrientations_iPad = "UIInterfaceOrientationPortraitUpsideDown UIInterfaceOrientationLandscapeLeft UIInterfaceOrientationLandscapeRight";
				INFOPLIST_KEY_UISupportedInterfaceOrientations_iPhone = "UIInterfaceOrientationPortrait UIInterfaceOrientationLandscapeLeft UIInterfaceOrientationLandscapeRight";
				LD_RUNPATH_SEARCH_PATHS = (
					"$(inherited)",
					"@executable_path/Frameworks",
				);
				MARKETING_VERSION = 1.0;
				PRODUCT_BUNDLE_IDENTIFIER = "com.-Munavar.AgendaUsingJSON";
				PRODUCT_NAME = "$(TARGET_NAME)";
				SWIFT_EMIT_LOC_STRINGS = YES;
				SWIFT_VERSION = 5.0;
				TARGETED_DEVICE_FAMILY = "1,2";
			};
			name = Debug;
		};
		DB2E5DD62B148B0B00CC7945 /* Release */ = {
			isa = XCBuildConfiguration;
			buildSettings = {
				ASSETCATALOG_COMPILER_APPICON_NAME = AppIcon;
				ASSETCATALOG_COMPILER_GLOBAL_ACCENT_COLOR_NAME = AccentColor;
				CODE_SIGN_STYLE = Automatic;
				CURRENT_PROJECT_VERSION = 1;
				DEVELOPMENT_ASSET_PATHS = "\"AgendaUsingJSON/Preview Content\"";
				DEVELOPMENT_TEAM = DDJKYQ3U34;
				ENABLE_PREVIEWS = YES;
				GENERATE_INFOPLIST_FILE = YES;
				INFOPLIST_FILE = AgendaUsingJSON/Info.plist;
				INFOPLIST_KEY_UIApplicationSceneManifest_Generation = YES;
				INFOPLIST_KEY_UIApplicationSupportsIndirectInputEvents = YES;
				INFOPLIST_KEY_UILaunchScreen_Generation = YES;
				INFOPLIST_KEY_UISupportedInterfaceOrientations_iPad = "UIInterfaceOrientationPortraitUpsideDown UIInterfaceOrientationLandscapeLeft UIInterfaceOrientationLandscapeRight";
				INFOPLIST_KEY_UISupportedInterfaceOrientations_iPhone = "UIInterfaceOrientationPortrait UIInterfaceOrientationLandscapeLeft UIInterfaceOrientationLandscapeRight";
				LD_RUNPATH_SEARCH_PATHS = (
					"$(inherited)",
					"@executable_path/Frameworks",
				);
				MARKETING_VERSION = 1.0;
				PRODUCT_BUNDLE_IDENTIFIER = "com.-Munavar.AgendaUsingJSON";
				PRODUCT_NAME = "$(TARGET_NAME)";
				SWIFT_EMIT_LOC_STRINGS = YES;
				SWIFT_VERSION = 5.0;
				TARGETED_DEVICE_FAMILY = "1,2";
			};
			name = Release;
		};
/* End XCBuildConfiguration section */

/* Begin XCConfigurationList section */
		DB2E5DC12B148B0800CC7945 /* Build configuration list for PBXProject "AgendaUsingJSON" */ = {
			isa = XCConfigurationList;
			buildConfigurations = (
				DB2E5DD22B148B0B00CC7945 /* Debug */,
				DB2E5DD32B148B0B00CC7945 /* Release */,
			);
			defaultConfigurationIsVisible = 0;
			defaultConfigurationName = Release;
		};
		DB2E5DD42B148B0B00CC7945 /* Build configuration list for PBXNativeTarget "AgendaUsingJSON" */ = {
			isa = XCConfigurationList;
			buildConfigurations = (
				DB2E5DD52B148B0B00CC7945 /* Debug */,
				DB2E5DD62B148B0B00CC7945 /* Release */,
			);
			defaultConfigurationIsVisible = 0;
			defaultConfigurationName = Release;
		};
/* End XCConfigurationList section */

/* Begin XCRemoteSwiftPackageReference section */
		DB9116642B1537FB005B6ABD /* XCRemoteSwiftPackageReference "SDWebImageSwiftUI" */ = {
			isa = XCRemoteSwiftPackageReference;
			repositoryURL = "https://github.com/SDWebImage/SDWebImageSwiftUI.git";
			requirement = {
				kind = upToNextMajorVersion;
				minimumVersion = 2.2.4;
			};
		};
/* End XCRemoteSwiftPackageReference section */

/* Begin XCSwiftPackageProductDependency section */
		DB9116652B1537FB005B6ABD /* SDWebImageSwiftUI */ = {
			isa = XCSwiftPackageProductDependency;
			package = DB9116642B1537FB005B6ABD /* XCRemoteSwiftPackageReference "SDWebImageSwiftUI" */;
			productName = SDWebImageSwiftUI;
		};
/* End XCSwiftPackageProductDependency section */
	};
	rootObject = DB2E5DBE2B148B0800CC7945 /* Project object */;
}
